
Microsoft Visual Studio Solution File, Format Version 12.00
# Visual Studio Version 17
VisualStudioVersion = 17.7.34031.279
MinimumVisualStudioVersion = 10.0.40219.1
Project("{FAE04EC0-301F-11D3-BF4B-00C04F79EFBC}") = "WetMe", "WetMe\WetMe.csproj", "{67293A3C-6744-4D80-A63A-B0193D5E740A}"
EndProject
Global
	GlobalSection(SolutionConfigurationPlatforms) = preSolution
		Debug|Any CPU = Debug|Any CPU
		Release|Any CPU = Release|Any CPU
	EndGlobalSection
	GlobalSection(ProjectConfigurationPlatforms) = postSolution
		{67293A3C-6744-4D80-A63A-B0193D5E740A}.Debug|Any CPU.ActiveCfg = Debug|Any CPU
		{67293A3C-6744-4D80-A63A-B0193D5E740A}.Debug|Any CPU.Build.0 = Debug|Any CPU
		{67293A3C-6744-4D80-A63A-B0193D5E740A}.Release|Any CPU.ActiveCfg = Release|Any CPU
		{67293A3C-6744-4D80-A63A-B0193D5E740A}.Release|Any CPU.Build.0 = Release|Any CPU
	EndGlobalSection
	GlobalSection(SolutionProperties) = preSolution
		HideSolutionNode = FALSE
	EndGlobalSection
	GlobalSection(ExtensibilityGlobals) = postSolution
		SolutionGuid = {6EDDDCDA-A9DF-4F98-9578-4D9FC041C313}
	EndGlobalSection
EndGlobal
